// !$*UTF8*$!
{
	archiveVersion = 1;
	classes = {
	};
	objectVersion = 56;
	objects = {

/* Begin PBXBuildFile section */
		042EAF6C2B789D71002BCCEF /* AppDelegate.swift in Sources */ = {isa = PBXBuildFile; fileRef = 042EAF6B2B789D71002BCCEF /* AppDelegate.swift */; };
		042EAF6E2B789D71002BCCEF /* SceneDelegate.swift in Sources */ = {isa = PBXBuildFile; fileRef = 042EAF6D2B789D71002BCCEF /* SceneDelegate.swift */; };
		042EAF732B789D71002BCCEF /* Main.storyboard in Resources */ = {isa = PBXBuildFile; fileRef = 042EAF712B789D71002BCCEF /* Main.storyboard */; };
		042EAF752B789D73002BCCEF /* Assets.xcassets in Resources */ = {isa = PBXBuildFile; fileRef = 042EAF742B789D73002BCCEF /* Assets.xcassets */; };
		042EAF782B789D73002BCCEF /* LaunchScreen.storyboard in Resources */ = {isa = PBXBuildFile; fileRef = 042EAF762B789D73002BCCEF /* LaunchScreen.storyboard */; };
		042EAF852B789F26002BCCEF /* QuizViewModel.swift in Sources */ = {isa = PBXBuildFile; fileRef = 042EAF802B789F26002BCCEF /* QuizViewModel.swift */; };
		042EAF862B789F26002BCCEF /* OnboardingVC.swift in Sources */ = {isa = PBXBuildFile; fileRef = 042EAF822B789F26002BCCEF /* OnboardingVC.swift */; };
		042EAF872B789F26002BCCEF /* QuizResponse.swift in Sources */ = {isa = PBXBuildFile; fileRef = 042EAF842B789F26002BCCEF /* QuizResponse.swift */; };
		0433702B2B78FA3E001178D6 /* AnswersVC.swift in Sources */ = {isa = PBXBuildFile; fileRef = 0433702A2B78FA3E001178D6 /* AnswersVC.swift */; };
		044D7E8E2F27FC3D00423984 /* GoogleMobileAds in Frameworks */ = {isa = PBXBuildFile; productRef = 044D7E8D2F27FC3D00423984 /* GoogleMobileAds */; };
		0452839E2F27F68B0035861C /* GoogleAdClassManager.swift in Sources */ = {isa = PBXBuildFile; fileRef = 0452839D2F27F68B0035861C /* GoogleAdClassManager.swift */; };
		047344132F27E721009A74F2 /* HapticManager.swift in Sources */ = {isa = PBXBuildFile; fileRef = 047344122F27E720009A74F2 /* HapticManager.swift */; };
		04E3D7712B78E7A20086C602 /* QuizVC.swift in Sources */ = {isa = PBXBuildFile; fileRef = 04E3D76E2B78E7A20086C602 /* QuizVC.swift */; };
		04E3D7722B78E7A20086C602 /* QuizCollectionViewCell.swift in Sources */ = {isa = PBXBuildFile; fileRef = 04E3D76F2B78E7A20086C602 /* QuizCollectionViewCell.swift */; };
		04E3D7732B78E7A20086C602 /* ResultVC.swift in Sources */ = {isa = PBXBuildFile; fileRef = 04E3D7702B78E7A20086C602 /* ResultVC.swift */; };
		04E3D77A2B78E91F0086C602 /* Quicksand-Light.ttf in Resources */ = {isa = PBXBuildFile; fileRef = 04E3D7752B78E91F0086C602 /* Quicksand-Light.ttf */; };
		04E3D77B2B78E91F0086C602 /* Quicksand-Medium.ttf in Resources */ = {isa = PBXBuildFile; fileRef = 04E3D7762B78E91F0086C602 /* Quicksand-Medium.ttf */; };
		04E3D77C2B78E91F0086C602 /* Quicksand-Bold.ttf in Resources */ = {isa = PBXBuildFile; fileRef = 04E3D7772B78E91F0086C602 /* Quicksand-Bold.ttf */; };
		04E3D77D2B78E91F0086C602 /* Quicksand-Regular.ttf in Resources */ = {isa = PBXBuildFile; fileRef = 04E3D7782B78E91F0086C602 /* Quicksand-Regular.ttf */; };
		04E3D77E2B78E91F0086C602 /* Quicksand-SemiBold.ttf in Resources */ = {isa = PBXBuildFile; fileRef = 04E3D7792B78E91F0086C602 /* Quicksand-SemiBold.ttf */; };
/* End PBXBuildFile section */

/* Begin PBXFileReference section */
		042EAF682B789D71002BCCEF /* QuizAppHarshP.app */ = {isa = PBXFileReference; explicitFileType = wrapper.application; includeInIndex = 0; path = QuizAppHarshP.app; sourceTree = BUILT_PRODUCTS_DIR; };
		042EAF6B2B789D71002BCCEF /* AppDelegate.swift */ = {isa = PBXFileReference; lastKnownFileType = sourcecode.swift; path = AppDelegate.swift; sourceTree = "<group>"; };
		042EAF6D2B789D71002BCCEF /* SceneDelegate.swift */ = {isa = PBXFileReference; lastKnownFileType = sourcecode.swift; path = SceneDelegate.swift; sourceTree = "<group>"; };
		042EAF722B789D71002BCCEF /* Base */ = {isa = PBXFileReference; lastKnownFileType = file.storyboard; name = Base; path = Base.lproj/Main.storyboard; sourceTree = "<group>"; };
		042EAF742B789D73002BCCEF /* Assets.xcassets */ = {isa = PBXFileReference; lastKnownFileType = folder.assetcatalog; path = Assets.xcassets; sourceTree = "<group>"; };
		042EAF772B789D73002BCCEF /* Base */ = {isa = PBXFileReference; lastKnownFileType = file.storyboard; name = Base; path = Base.lproj/LaunchScreen.storyboard; sourceTree = "<group>"; };
		042EAF792B789D73002BCCEF /* Info.plist */ = {isa = PBXFileReference; lastKnownFileType = text.plist.xml; path = Info.plist; sourceTree = "<group>"; };
		042EAF802B789F26002BCCEF /* QuizViewModel.swift */ = {isa = PBXFileReference; fileEncoding = 4; lastKnownFileType = sourcecode.swift; path = QuizViewModel.swift; sourceTree = "<group>"; };
		042EAF822B789F26002BCCEF /* OnboardingVC.swift */ = {isa = PBXFileReference; fileEncoding = 4; lastKnownFileType = sourcecode.swift; path = OnboardingVC.swift; sourceTree = "<group>"; };
		042EAF842B789F26002BCCEF /* QuizResponse.swift */ = {isa = PBXFileReference; fileEncoding = 4; lastKnownFileType = sourcecode.swift; path = QuizResponse.swift; sourceTree = "<group>"; };
		0433702A2B78FA3E001178D6 /* AnswersVC.swift */ = {isa = PBXFileReference; lastKnownFileType = sourcecode.swift; path = AnswersVC.swift; sourceTree = "<group>"; };
		0452839D2F27F68B0035861C /* GoogleAdClassManager.swift */ = {isa = PBXFileReference; lastKnownFileType = sourcecode.swift; path = GoogleAdClassManager.swift; sourceTree = "<group>"; };
		047344122F27E720009A74F2 /* HapticManager.swift */ = {isa = PBXFileReference; lastKnownFileType = sourcecode.swift; path = HapticManager.swift; sourceTree = "<group>"; };
		04E3D76E2B78E7A20086C602 /* QuizVC.swift */ = {isa = PBXFileReference; fileEncoding = 4; lastKnownFileType = sourcecode.swift; path = QuizVC.swift; sourceTree = "<group>"; };
		04E3D76F2B78E7A20086C602 /* QuizCollectionViewCell.swift */ = {isa = PBXFileReference; fileEncoding = 4; lastKnownFileType = sourcecode.swift; path = QuizCollectionViewCell.swift; sourceTree = "<group>"; };
		04E3D7702B78E7A20086C602 /* ResultVC.swift */ = {isa = PBXFileReference; fileEncoding = 4; lastKnownFileType = sourcecode.swift; path = ResultVC.swift; sourceTree = "<group>"; };
		04E3D7752B78E91F0086C602 /* Quicksand-Light.ttf */ = {isa = PBXFileReference; lastKnownFileType = file; path = "Quicksand-Light.ttf"; sourceTree = "<group>"; };
		04E3D7762B78E91F0086C602 /* Quicksand-Medium.ttf */ = {isa = PBXFileReference; lastKnownFileType = file; path = "Quicksand-Medium.ttf"; sourceTree = "<group>"; };
		04E3D7772B78E91F0086C602 /* Quicksand-Bold.ttf */ = {isa = PBXFileReference; lastKnownFileType = file; path = "Quicksand-Bold.ttf"; sourceTree = "<group>"; };
		04E3D7782B78E91F0086C602 /* Quicksand-Regular.ttf */ = {isa = PBXFileReference; lastKnownFileType = file; path = "Quicksand-Regular.ttf"; sourceTree = "<group>"; };
		04E3D7792B78E91F0086C602 /* Quicksand-SemiBold.ttf */ = {isa = PBXFileReference; lastKnownFileType = file; path = "Quicksand-SemiBold.ttf"; sourceTree = "<group>"; };
/* End PBXFileReference section */

/* Begin PBXFrameworksBuildPhase section */
		042EAF652B789D71002BCCEF /* Frameworks */ = {
			isa = PBXFrameworksBuildPhase;
			buildActionMask = 2147483647;
			files = (
				044D7E8E2F27FC3D00423984 /* GoogleMobileAds in Frameworks */,
			);
			runOnlyForDeploymentPostprocessing = 0;
		};
/* End PBXFrameworksBuildPhase section */

/* Begin PBXGroup section */
		042EAF5F2B789D71002BCCEF = {
			isa = PBXGroup;
			children = (
				042EAF6A2B789D71002BCCEF /* QuizAppHarshP */,
				042EAF692B789D71002BCCEF /* Products */,
			);
			sourceTree = "<group>";
		};
		042EAF692B789D71002BCCEF /* Products */ = {
			isa = PBXGroup;
			children = (
				042EAF682B789D71002BCCEF /* QuizAppHarshP.app */,
			);
			name = Products;
			sourceTree = "<group>";
		};
		042EAF6A2B789D71002BCCEF /* QuizAppHarshP */ = {
			isa = PBXGroup;
			children = (
				0465E18D2B7B3EF6006B9662 /* Manager */,
				042EAF832B789F26002BCCEF /* Models */,
				042EAF7F2B789F26002BCCEF /* ViewModels */,
				0473440F2F27E613009A74F2 /* Views */,
				042EAF812B789F26002BCCEF /* Controllers(View Controllers) */,
				042EAF892B789F36002BCCEF /* Resources */,
				04E3D76D2B78E6E80086C602 /* Storyboard */,
				042EAF882B789F2A002BCCEF /* Application */,
				042EAF792B789D73002BCCEF /* Info.plist */,
			);
			path = QuizAppHarshP;
			sourceTree = "<group>";
		};
		042EAF7F2B789F26002BCCEF /* ViewModels */ = {
			isa = PBXGroup;
			children = (
				042EAF802B789F26002BCCEF /* QuizViewModel.swift */,
			);
			path = ViewModels;
			sourceTree = "<group>";
		};
		042EAF812B789F26002BCCEF /* Controllers(View Controllers) */ = {
			isa = PBXGroup;
			children = (
				042EAF822B789F26002BCCEF /* OnboardingVC.swift */,
				04E3D76E2B78E7A20086C602 /* QuizVC.swift */,
				04E3D7702B78E7A20086C602 /* ResultVC.swift */,
				0433702A2B78FA3E001178D6 /* AnswersVC.swift */,
			);
			path = "Controllers(View Controllers)";
			sourceTree = "<group>";
		};
		042EAF832B789F26002BCCEF /* Models */ = {
			isa = PBXGroup;
			children = (
				042EAF842B789F26002BCCEF /* QuizResponse.swift */,
			);
			path = Models;
			sourceTree = "<group>";
		};
		042EAF882B789F2A002BCCEF /* Application */ = {
			isa = PBXGroup;
			children = (
				042EAF6B2B789D71002BCCEF /* AppDelegate.swift */,
				042EAF6D2B789D71002BCCEF /* SceneDelegate.swift */,
			);
			path = Application;
			sourceTree = "<group>";
		};
		042EAF892B789F36002BCCEF /* Resources */ = {
			isa = PBXGroup;
			children = (
				04E3D7742B78E9150086C602 /* Fonts */,
				042EAF742B789D73002BCCEF /* Assets.xcassets */,
			);
			path = Resources;
			sourceTree = "<group>";
		};
		0465E18D2B7B3EF6006B9662 /* Manager */ = {
			isa = PBXGroup;
			children = (
				0452839D2F27F68B0035861C /* GoogleAdClassManager.swift */,
				047344122F27E720009A74F2 /* HapticManager.swift */,
			);
			path = Manager;
			sourceTree = "<group>";
		};
		0473440F2F27E613009A74F2 /* Views */ = {
			isa = PBXGroup;
			children = (
				047344102F27E625009A74F2 /* Cells */,
			);
			path = Views;
			sourceTree = "<group>";
		};
		047344102F27E625009A74F2 /* Cells */ = {
			isa = PBXGroup;
			children = (
				04E3D76F2B78E7A20086C602 /* QuizCollectionViewCell.swift */,
			);
			path = Cells;
			sourceTree = "<group>";
		};
		04E3D76D2B78E6E80086C602 /* Storyboard */ = {
			isa = PBXGroup;
			children = (
				042EAF712B789D71002BCCEF /* Main.storyboard */,
				042EAF762B789D73002BCCEF /* LaunchScreen.storyboard */,
			);
			path = Storyboard;
			sourceTree = "<group>";
		};
		04E3D7742B78E9150086C602 /* Fonts */ = {
			isa = PBXGroup;
			children = (
				04E3D7772B78E91F0086C602 /* Quicksand-Bold.ttf */,
				04E3D7752B78E91F0086C602 /* Quicksand-Light.ttf */,
				04E3D7762B78E91F0086C602 /* Quicksand-Medium.ttf */,
				04E3D7782B78E91F0086C602 /* Quicksand-Regular.ttf */,
				04E3D7792B78E91F0086C602 /* Quicksand-SemiBold.ttf */,
			);
			path = Fonts;
			sourceTree = "<group>";
		};
/* End PBXGroup section */

/* Begin PBXNativeTarget section */
		042EAF672B789D71002BCCEF /* QuizAppHarshP */ = {
			isa = PBXNativeTarget;
			buildConfigurationList = 042EAF7C2B789D73002BCCEF /* Build configuration list for PBXNativeTarget "QuizAppHarshP" */;
			buildPhases = (
				042EAF642B789D71002BCCEF /* Sources */,
				042EAF652B789D71002BCCEF /* Frameworks */,
				042EAF662B789D71002BCCEF /* Resources */,
			);
			buildRules = (
			);
			dependencies = (
			);
			name = QuizAppHarshP;
			packageProductDependencies = (
				044D7E8D2F27FC3D00423984 /* GoogleMobileAds */,
			);
			productName = QuizAppHarshP;
			productReference = 042EAF682B789D71002BCCEF /* QuizAppHarshP.app */;
			productType = "com.apple.product-type.application";
		};
/* End PBXNativeTarget section */

/* Begin PBXProject section */
		042EAF602B789D71002BCCEF /* Project object */ = {
			isa = PBXProject;
			attributes = {
				BuildIndependentTargetsInParallel = 1;
				LastSwiftUpdateCheck = 1520;
				LastUpgradeCheck = 2620;
				TargetAttributes = {
					042EAF672B789D71002BCCEF = {
						CreatedOnToolsVersion = 15.2;
					};
				};
			};
			buildConfigurationList = 042EAF632B789D71002BCCEF /* Build configuration list for PBXProject "QuizAppHarshP" */;
			compatibilityVersion = "Xcode 14.0";
			developmentRegion = en;
			hasScannedForEncodings = 0;
			knownRegions = (
				en,
				Base,
			);
			mainGroup = 042EAF5F2B789D71002BCCEF;
			packageReferences = (
				044D7E8C2F27FC3D00423984 /* XCRemoteSwiftPackageReference "swift-package-manager-google-mobile-ads" */,
			);
			productRefGroup = 042EAF692B789D71002BCCEF /* Products */;
			projectDirPath = "";
			projectRoot = "";
			targets = (
				042EAF672B789D71002BCCEF /* QuizAppHarshP */,
			);
		};
/* End PBXProject section */

/* Begin PBXResourcesBuildPhase section */
		042EAF662B789D71002BCCEF /* Resources */ = {
			isa = PBXResourcesBuildPhase;
			buildActionMask = 2147483647;
			files = (
				042EAF782B789D73002BCCEF /* LaunchScreen.storyboard in Resources */,
				04E3D77E2B78E91F0086C602 /* Quicksand-SemiBold.ttf in Resources */,
				04E3D77C2B78E91F0086C602 /* Quicksand-Bold.ttf in Resources */,
				04E3D77D2B78E91F0086C602 /* Quicksand-Regular.ttf in Resources */,
				042EAF752B789D73002BCCEF /* Assets.xcassets in Resources */,
				042EAF732B789D71002BCCEF /* Main.storyboard in Resources */,
				04E3D77A2B78E91F0086C602 /* Quicksand-Light.ttf in Resources */,
				04E3D77B2B78E91F0086C602 /* Quicksand-Medium.ttf in Resources */,
			);
			runOnlyForDeploymentPostprocessing = 0;
		};
/* End PBXResourcesBuildPhase section */

/* Begin PBXSourcesBuildPhase section */
		042EAF642B789D71002BCCEF /* Sources */ = {
			isa = PBXSourcesBuildPhase;
			buildActionMask = 2147483647;
			files = (
				0433702B2B78FA3E001178D6 /* AnswersVC.swift in Sources */,
				042EAF862B789F26002BCCEF /* OnboardingVC.swift in Sources */,
				042EAF6C2B789D71002BCCEF /* AppDelegate.swift in Sources */,
				042EAF872B789F26002BCCEF /* QuizResponse.swift in Sources */,
				04E3D7732B78E7A20086C602 /* ResultVC.swift in Sources */,
				0452839E2F27F68B0035861C /* GoogleAdClassManager.swift in Sources */,
				04E3D7712B78E7A20086C602 /* QuizVC.swift in Sources */,
				042EAF852B789F26002BCCEF /* QuizViewModel.swift in Sources */,
				047344132F27E721009A74F2 /* HapticManager.swift in Sources */,
				04E3D7722B78E7A20086C602 /* QuizCollectionViewCell.swift in Sources */,
				042EAF6E2B789D71002BCCEF /* SceneDelegate.swift in Sources */,
			);
			runOnlyForDeploymentPostprocessing = 0;
		};
/* End PBXSourcesBuildPhase section */

/* Begin PBXVariantGroup section */
		042EAF712B789D71002BCCEF /* Main.storyboard */ = {
			isa = PBXVariantGroup;
			children = (
				042EAF722B789D71002BCCEF /* Base */,
			);
			name = Main.storyboard;
			sourceTree = "<group>";
		};
		042EAF762B789D73002BCCEF /* LaunchScreen.storyboard */ = {
			isa = PBXVariantGroup;
			children = (
				042EAF772B789D73002BCCEF /* Base */,
			);
			name = LaunchScreen.storyboard;
			sourceTree = "<group>";
		};
/* End PBXVariantGroup section */

/* Begin XCBuildConfiguration section */
		042EAF7A2B789D73002BCCEF /* Debug */ = {
			isa = XCBuildConfiguration;
			buildSettings = {
				ALWAYS_SEARCH_USER_PATHS = NO;
				ASSETCATALOG_COMPILER_GENERATE_SWIFT_ASSET_SYMBOL_EXTENSIONS = YES;
				CLANG_ANALYZER_NONNULL = YES;
				CLANG_ANALYZER_NUMBER_OBJECT_CONVERSION = YES_AGGRESSIVE;
				CLANG_CXX_LANGUAGE_STANDARD = "gnu++20";
				CLANG_ENABLE_MODULES = YES;
				CLANG_ENABLE_OBJC_ARC = YES;
				CLANG_ENABLE_OBJC_WEAK = YES;
				CLANG_WARN_BLOCK_CAPTURE_AUTORELEASING = YES;
				CLANG_WARN_BOOL_CONVERSION = YES;
				CLANG_WARN_COMMA = YES;
				CLANG_WARN_CONSTANT_CONVERSION = YES;
				CLANG_WARN_DEPRECATED_OBJC_IMPLEMENTATIONS = YES;
				CLANG_WARN_DIRECT_OBJC_ISA_USAGE = YES_ERROR;
				CLANG_WARN_DOCUMENTATION_COMMENTS = YES;
				CLANG_WARN_EMPTY_BODY = YES;
				CLANG_WARN_ENUM_CONVERSION = YES;
				CLANG_WARN_INFINITE_RECURSION = YES;
				CLANG_WARN_INT_CONVERSION = YES;
				CLANG_WARN_NON_LITERAL_NULL_CONVERSION = YES;
				CLANG_WARN_OBJC_IMPLICIT_RETAIN_SELF = YES;
				CLANG_WARN_OBJC_LITERAL_CONVERSION = YES;
				CLANG_WARN_OBJC_ROOT_CLASS = YES_ERROR;
				CLANG_WARN_QUOTED_INCLUDE_IN_FRAMEWORK_HEADER = YES;
				CLANG_WARN_RANGE_LOOP_ANALYSIS = YES;
				CLANG_WARN_STRICT_PROTOTYPES = YES;
				CLANG_WARN_SUSPICIOUS_MOVE = YES;
				CLANG_WARN_UNGUARDED_AVAILABILITY = YES_AGGRESSIVE;
				CLANG_WARN_UNREACHABLE_CODE = YES;
				CLANG_WARN__DUPLICATE_METHOD_MATCH = YES;
				COPY_PHASE_STRIP = NO;
				DEBUG_INFORMATION_FORMAT = dwarf;
				DEVELOPMENT_TEAM = 4N63T7C9Y8;
				ENABLE_STRICT_OBJC_MSGSEND = YES;
				ENABLE_TESTABILITY = YES;
				ENABLE_USER_SCRIPT_SANDBOXING = YES;
				GCC_C_LANGUAGE_STANDARD = gnu17;
				GCC_DYNAMIC_NO_PIC = NO;
				GCC_NO_COMMON_BLOCKS = YES;
				GCC_OPTIMIZATION_LEVEL = 0;
				GCC_PREPROCESSOR_DEFINITIONS = (
					"DEBUG=1",
					"$(inherited)",
				);
				GCC_WARN_64_TO_32_BIT_CONVERSION = YES;
				GCC_WARN_ABOUT_RETURN_TYPE = YES_ERROR;
				GCC_WARN_UNDECLARED_SELECTOR = YES;
				GCC_WARN_UNINITIALIZED_AUTOS = YES_AGGRESSIVE;
				GCC_WARN_UNUSED_FUNCTION = YES;
				GCC_WARN_UNUSED_VARIABLE = YES;
				IPHONEOS_DEPLOYMENT_TARGET = 15.0;
				LOCALIZATION_PREFERS_STRING_CATALOGS = YES;
				MTL_ENABLE_DEBUG_INFO = INCLUDE_SOURCE;
				MTL_FAST_MATH = YES;
				ONLY_ACTIVE_ARCH = YES;
				SDKROOT = iphoneos;
				STRING_CATALOG_GENERATE_SYMBOLS = YES;
				SWIFT_ACTIVE_COMPILATION_CONDITIONS = "DEBUG $(inherited)";
				SWIFT_OPTIMIZATION_LEVEL = "-Onone";
			};
			name = Debug;
		};
		042EAF7B2B789D73002BCCEF /* Release */ = {
			isa = XCBuildConfiguration;
			buildSettings = {
				ALWAYS_SEARCH_USER_PATHS = NO;
				ASSETCATALOG_COMPILER_GENERATE_SWIFT_ASSET_SYMBOL_EXTENSIONS = YES;
				CLANG_ANALYZER_NONNULL = YES;
				CLANG_ANALYZER_NUMBER_OBJECT_CONVERSION = YES_AGGRESSIVE;
				CLANG_CXX_LANGUAGE_STANDARD = "gnu++20";
				CLANG_ENABLE_MODULES = YES;
				CLANG_ENABLE_OBJC_ARC = YES;
				CLANG_ENABLE_OBJC_WEAK = YES;
				CLANG_WARN_BLOCK_CAPTURE_AUTORELEASING = YES;
				CLANG_WARN_BOOL_CONVERSION = YES;
				CLANG_WARN_COMMA = YES;
				CLANG_WARN_CONSTANT_CONVERSION = YES;
				CLANG_WARN_DEPRECATED_OBJC_IMPLEMENTATIONS = YES;
				CLANG_WARN_DIRECT_OBJC_ISA_USAGE = YES_ERROR;
				CLANG_WARN_DOCUMENTATION_COMMENTS = YES;
				CLANG_WARN_EMPTY_BODY = YES;
				CLANG_WARN_ENUM_CONVERSION = YES;
				CLANG_WARN_INFINITE_RECURSION = YES;
				CLANG_WARN_INT_CONVERSION = YES;
				CLANG_WARN_NON_LITERAL_NULL_CONVERSION = YES;
				CLANG_WARN_OBJC_IMPLICIT_RETAIN_SELF = YES;
				CLANG_WARN_OBJC_LITERAL_CONVERSION = YES;
				CLANG_WARN_OBJC_ROOT_CLASS = YES_ERROR;
				CLANG_WARN_QUOTED_INCLUDE_IN_FRAMEWORK_HEADER = YES;
				CLANG_WARN_RANGE_LOOP_ANALYSIS = YES;
				CLANG_WARN_STRICT_PROTOTYPES = YES;
				CLANG_WARN_SUSPICIOUS_MOVE = YES;
				CLANG_WARN_UNGUARDED_AVAILABILITY = YES_AGGRESSIVE;
				CLANG_WARN_UNREACHABLE_CODE = YES;
				CLANG_WARN__DUPLICATE_METHOD_MATCH = YES;
				COPY_PHASE_STRIP = NO;
				DEBUG_INFORMATION_FORMAT = "dwarf-with-dsym";
				DEVELOPMENT_TEAM = 4N63T7C9Y8;
				ENABLE_NS_ASSERTIONS = NO;
				ENABLE_STRICT_OBJC_MSGSEND = YES;
				ENABLE_USER_SCRIPT_SANDBOXING = YES;
				GCC_C_LANGUAGE_STANDARD = gnu17;
				GCC_NO_COMMON_BLOCKS = YES;
				GCC_WARN_64_TO_32_BIT_CONVERSION = YES;
				GCC_WARN_ABOUT_RETURN_TYPE = YES_ERROR;
				GCC_WARN_UNDECLARED_SELECTOR = YES;
				GCC_WARN_UNINITIALIZED_AUTOS = YES_AGGRESSIVE;
				GCC_WARN_UNUSED_FUNCTION = YES;
				GCC_WARN_UNUSED_VARIABLE = YES;
				IPHONEOS_DEPLOYMENT_TARGET = 15.0;
				LOCALIZATION_PREFERS_STRING_CATALOGS = YES;
				MTL_ENABLE_DEBUG_INFO = NO;
				MTL_FAST_MATH = YES;
				SDKROOT = iphoneos;
				STRING_CATALOG_GENERATE_SYMBOLS = YES;
				SWIFT_COMPILATION_MODE = wholemodule;
				VALIDATE_PRODUCT = YES;
			};
			name = Release;
		};
		042EAF7D2B789D73002BCCEF /* Debug */ = {
			isa = XCBuildConfiguration;
			buildSettings = {
				ASSETCATALOG_COMPILER_APPICON_NAME = AppIcon;
				ASSETCATALOG_COMPILER_GLOBAL_ACCENT_COLOR_NAME = AccentColor;
				CODE_SIGN_STYLE = Manual;
				CURRENT_PROJECT_VERSION = 1;
				DEVELOPMENT_TEAM = "";
				GENERATE_INFOPLIST_FILE = YES;
				INFOPLIST_FILE = QuizAppHarshP/Info.plist;
				INFOPLIST_KEY_UIApplicationSupportsIndirectInputEvents = YES;
				INFOPLIST_KEY_UILaunchStoryboardName = LaunchScreen;
				INFOPLIST_KEY_UIMainStoryboardFile = Main;
				INFOPLIST_KEY_UISupportedInterfaceOrientations = UIInterfaceOrientationPortrait;
				INFOPLIST_KEY_UISupportedInterfaceOrientations_iPad = "UIInterfaceOrientationLandscapeLeft UIInterfaceOrientationLandscapeRight UIInterfaceOrientationPortrait UIInterfaceOrientationPortraitUpsideDown";
				IPHONEOS_DEPLOYMENT_TARGET = 17.6;
				LD_RUNPATH_SEARCH_PATHS = (
					"$(inherited)",
					"@executable_path/Frameworks",
				);
				MARKETING_VERSION = 1.0;
				PRODUCT_BUNDLE_IDENTIFIER = com.quizApp.QuizAppHarshP;
				PRODUCT_NAME = "$(TARGET_NAME)";
				PROVISIONING_PROFILE_SPECIFIER = "";
				SUPPORTED_PLATFORMS = "iphoneos iphonesimulator";
				SUPPORTS_MACCATALYST = NO;
				SUPPORTS_MAC_DESIGNED_FOR_IPHONE_IPAD = NO;
				SUPPORTS_XR_DESIGNED_FOR_IPHONE_IPAD = NO;
				SWIFT_EMIT_LOC_STRINGS = YES;
				SWIFT_VERSION = 5.0;
				TARGETED_DEVICE_FAMILY = 1;
			};
			name = Debug;
		};
		042EAF7E2B789D73002BCCEF /* Release */ = {
			isa = XCBuildConfiguration;
			buildSettings = {
				ASSETCATALOG_COMPILER_APPICON_NAME = AppIcon;
				ASSETCATALOG_COMPILER_GLOBAL_ACCENT_COLOR_NAME = AccentColor;
				CODE_SIGN_STYLE = Manual;
				CURRENT_PROJECT_VERSION = 1;
				DEVELOPMENT_TEAM = "";
				GENERATE_INFOPLIST_FILE = YES;
				INFOPLIST_FILE = QuizAppHarshP/Info.plist;
				INFOPLIST_KEY_UIApplicationSupportsIndirectInputEvents = YES;
				INFOPLIST_KEY_UILaunchStoryboardName = LaunchScreen;
				INFOPLIST_KEY_UIMainStoryboardFile = Main;
				INFOPLIST_KEY_UISupportedInterfaceOrientations = UIInterfaceOrientationPortrait;
				INFOPLIST_KEY_UISupportedInterfaceOrientations_iPad = "UIInterfaceOrientationLandscapeLeft UIInterfaceOrientationLandscapeRight UIInterfaceOrientationPortrait UIInterfaceOrientationPortraitUpsideDown";
				IPHONEOS_DEPLOYMENT_TARGET = 17.6;
				LD_RUNPATH_SEARCH_PATHS = (
					"$(inherited)",
					"@executable_path/Frameworks",
				);
				MARKETING_VERSION = 1.0;
				PRODUCT_BUNDLE_IDENTIFIER = com.quizApp.QuizAppHarshP;
				PRODUCT_NAME = "$(TARGET_NAME)";
				PROVISIONING_PROFILE_SPECIFIER = "";
				SUPPORTED_PLATFORMS = "iphoneos iphonesimulator";
				SUPPORTS_MACCATALYST = NO;
				SUPPORTS_MAC_DESIGNED_FOR_IPHONE_IPAD = NO;
				SUPPORTS_XR_DESIGNED_FOR_IPHONE_IPAD = NO;
				SWIFT_EMIT_LOC_STRINGS = YES;
				SWIFT_VERSION = 5.0;
				TARGETED_DEVICE_FAMILY = 1;
			};
			name = Release;
		};
/* End XCBuildConfiguration section */

/* Begin XCConfigurationList section */
		042EAF632B789D71002BCCEF /* Build configuration list for PBXProject "QuizAppHarshP" */ = {
			isa = XCConfigurationList;
			buildConfigurations = (
				042EAF7A2B789D73002BCCEF /* Debug */,
				042EAF7B2B789D73002BCCEF /* Release */,
			);
			defaultConfigurationIsVisible = 0;
			defaultConfigurationName = Release;
		};
		042EAF7C2B789D73002BCCEF /* Build configuration list for PBXNativeTarget "QuizAppHarshP" */ = {
			isa = XCConfigurationList;
			buildConfigurations = (
				042EAF7D2B789D73002BCCEF /* Debug */,
				042EAF7E2B789D73002BCCEF /* Release */,
			);
			defaultConfigurationIsVisible = 0;
			defaultConfigurationName = Release;
		};
/* End XCConfigurationList section */

/* Begin XCRemoteSwiftPackageReference section */
		044D7E8C2F27FC3D00423984 /* XCRemoteSwiftPackageReference "swift-package-manager-google-mobile-ads" */ = {
			isa = XCRemoteSwiftPackageReference;
			repositoryURL = "https://github.com/googleads/swift-package-manager-google-mobile-ads.git";
			requirement = {
				kind = upToNextMajorVersion;
				minimumVersion = 12.14.0;
			};
		};
/* End XCRemoteSwiftPackageReference section */

/* Begin XCSwiftPackageProductDependency section */
		044D7E8D2F27FC3D00423984 /* GoogleMobileAds */ = {
			isa = XCSwiftPackageProductDependency;
			package = 044D7E8C2F27FC3D00423984 /* XCRemoteSwiftPackageReference "swift-package-manager-google-mobile-ads" */;
			productName = GoogleMobileAds;
		};
/* End XCSwiftPackageProductDependency section */
	};
	rootObject = 042EAF602B789D71002BCCEF /* Project object */;
}
